
Microsoft Visual Studio Solution File, Format Version 12.00
# Visual Studio Version 16
VisualStudioVersion = 16.0.29318.209
MinimumVisualStudioVersion = 10.0.40219.1
Project("{FAE04EC0-301F-11D3-BF4B-00C04F79EFBC}") = "banquero", "banquero\banquero.csproj", "{1E914E92-2029-411D-B709-FE6719FF1E9D}"
EndProject
Global
	GlobalSection(SolutionConfigurationPlatforms) = preSolution
		Debug|Any CPU = Debug|Any CPU
		Release|Any CPU = Release|Any CPU
	EndGlobalSection
	GlobalSection(ProjectConfigurationPlatforms) = postSolution
		{1E914E92-2029-411D-B709-FE6719FF1E9D}.Debug|Any CPU.ActiveCfg = Debug|Any CPU
		{1E914E92-2029-411D-B709-FE6719FF1E9D}.Debug|Any CPU.Build.0 = Debug|Any CPU
		{1E914E92-2029-411D-B709-FE6719FF1E9D}.Release|Any CPU.ActiveCfg = Release|Any CPU
		{1E914E92-2029-411D-B709-FE6719FF1E9D}.Release|Any CPU.Build.0 = Release|Any CPU
	EndGlobalSection
	GlobalSection(SolutionProperties) = preSolution
		HideSolutionNode = FALSE
	EndGlobalSection
	GlobalSection(ExtensibilityGlobals) = postSolution
		SolutionGuid = {5D6267D9-6F37-49DB-8557-EE7B8B6AEAA2}
	EndGlobalSection
EndGlobal
